
Microsoft Visual Studio Solution File, Format Version 12.00
# Visual Studio Version 16
VisualStudioVersion = 16.0.30011.22
MinimumVisualStudioVersion = 10.0.40219.1
Project("{888888A0-9F3D-457C-B088-3A5042F75D52}") = "Compuestos", "Compuestos.pyproj", "{1E3F0059-BBC8-4820-9A61-F66D931D7A80}"
EndProject
Global
	GlobalSection(SolutionConfigurationPlatforms) = preSolution
		Debug|Any CPU = Debug|Any CPU
		Release|Any CPU = Release|Any CPU
	EndGlobalSection
	GlobalSection(ProjectConfigurationPlatforms) = postSolution
		{1E3F0059-BBC8-4820-9A61-F66D931D7A80}.Debug|Any CPU.ActiveCfg = Debug|Any CPU
		{1E3F0059-BBC8-4820-9A61-F66D931D7A80}.Release|Any CPU.ActiveCfg = Release|Any CPU
	EndGlobalSection
	GlobalSection(SolutionProperties) = preSolution
		HideSolutionNode = FALSE
	EndGlobalSection
	GlobalSection(ExtensibilityGlobals) = postSolution
		SolutionGuid = {590F6AB5-9258-4F81-B180-022AA981215F}
	EndGlobalSection
EndGlobal
